// !$*UTF8*$!
{
	archiveVersion = 1;
	classes = {
	};
	objectVersion = 52;
	objects = {

/* Begin PBXBuildFile section */
		A981325725BEF2AD00921818 /* AppDelegate.swift in Sources */ = {isa = PBXBuildFile; fileRef = A981325625BEF2AD00921818 /* AppDelegate.swift */; };
		A981325925BEF2AD00921818 /* ViewController.swift in Sources */ = {isa = PBXBuildFile; fileRef = A981325825BEF2AD00921818 /* ViewController.swift */; };
		A981325B25BEF2AE00921818 /* Assets.xcassets in Resources */ = {isa = PBXBuildFile; fileRef = A981325A25BEF2AE00921818 /* Assets.xcassets */; };
		A981325E25BEF2AE00921818 /* Main.storyboard in Resources */ = {isa = PBXBuildFile; fileRef = A981325C25BEF2AE00921818 /* Main.storyboard */; };
		A981326E25BEF9A800921818 /* libcmark.0.29.0.dylib in Resources */ = {isa = PBXBuildFile; fileRef = A981326D25BEF9A800921818 /* libcmark.0.29.0.dylib */; };
		A9841F6525C04D8700EF147A /* NSFont.swift in Sources */ = {isa = PBXBuildFile; fileRef = A9841F6425C04D8700EF147A /* NSFont.swift */; };
		A9841F6625C04E9800EF147A /* SF-Mono-Regular.otf in Resources */ = {isa = PBXBuildFile; fileRef = A9841F6025C04D6200EF147A /* SF-Mono-Regular.otf */; };
		A9B0E7A725C0419E006BA583 /* CommonMark in Frameworks */ = {isa = PBXBuildFile; productRef = A9B0E7A625C0419E006BA583 /* CommonMark */; };
/* End PBXBuildFile section */

/* Begin PBXFileReference section */
		A981325325BEF2AD00921818 /* MarkdownViewer.app */ = {isa = PBXFileReference; explicitFileType = wrapper.application; includeInIndex = 0; path = MarkdownViewer.app; sourceTree = BUILT_PRODUCTS_DIR; };
		A981325625BEF2AD00921818 /* AppDelegate.swift */ = {isa = PBXFileReference; lastKnownFileType = sourcecode.swift; path = AppDelegate.swift; sourceTree = "<group>"; };
		A981325825BEF2AD00921818 /* ViewController.swift */ = {isa = PBXFileReference; lastKnownFileType = sourcecode.swift; path = ViewController.swift; sourceTree = "<group>"; };
		A981325A25BEF2AE00921818 /* Assets.xcassets */ = {isa = PBXFileReference; lastKnownFileType = folder.assetcatalog; path = Assets.xcassets; sourceTree = "<group>"; };
		A981325D25BEF2AE00921818 /* Base */ = {isa = PBXFileReference; lastKnownFileType = file.storyboard; name = Base; path = Base.lproj/Main.storyboard; sourceTree = "<group>"; };
		A981325F25BEF2AE00921818 /* Info.plist */ = {isa = PBXFileReference; lastKnownFileType = text.plist.xml; path = Info.plist; sourceTree = "<group>"; };
		A981326025BEF2AE00921818 /* MarkdownViewer.entitlements */ = {isa = PBXFileReference; lastKnownFileType = text.plist.entitlements; path = MarkdownViewer.entitlements; sourceTree = "<group>"; };
		A981326D25BEF9A800921818 /* libcmark.0.29.0.dylib */ = {isa = PBXFileReference; lastKnownFileType = "compiled.mach-o.dylib"; name = libcmark.0.29.0.dylib; path = ../../../../../usr/local/Cellar/cmark/0.29.0_2/lib/libcmark.0.29.0.dylib; sourceTree = "<group>"; };
		A9841F6025C04D6200EF147A /* SF-Mono-Regular.otf */ = {isa = PBXFileReference; lastKnownFileType = file; path = "SF-Mono-Regular.otf"; sourceTree = "<group>"; };
		A9841F6425C04D8700EF147A /* NSFont.swift */ = {isa = PBXFileReference; lastKnownFileType = sourcecode.swift; path = NSFont.swift; sourceTree = "<group>"; };
/* End PBXFileReference section */

/* Begin PBXFrameworksBuildPhase section */
		A981325025BEF2AD00921818 /* Frameworks */ = {
			isa = PBXFrameworksBuildPhase;
			buildActionMask = 2147483647;
			files = (
				A9B0E7A725C0419E006BA583 /* CommonMark in Frameworks */,
			);
			runOnlyForDeploymentPostprocessing = 0;
		};
/* End PBXFrameworksBuildPhase section */

/* Begin PBXGroup section */
		A981324A25BEF2AD00921818 = {
			isa = PBXGroup;
			children = (
				A981325525BEF2AD00921818 /* MarkdownViewer */,
				A981325425BEF2AD00921818 /* Products */,
				A981326C25BEF9A700921818 /* Frameworks */,
			);
			sourceTree = "<group>";
		};
		A981325425BEF2AD00921818 /* Products */ = {
			isa = PBXGroup;
			children = (
				A981325325BEF2AD00921818 /* MarkdownViewer.app */,
			);
			name = Products;
			sourceTree = "<group>";
		};
		A981325525BEF2AD00921818 /* MarkdownViewer */ = {
			isa = PBXGroup;
			children = (
				A9841F6325C04D7E00EF147A /* Extensions */,
				A9841F5F25C04D5300EF147A /* Fonts */,
				A981326725BEF2E100921818 /* Main UI */,
				A981326825BEF2EE00921818 /* Supporting Files */,
			);
			path = MarkdownViewer;
			sourceTree = "<group>";
		};
		A981326725BEF2E100921818 /* Main UI */ = {
			isa = PBXGroup;
			children = (
				A981325625BEF2AD00921818 /* AppDelegate.swift */,
				A981325825BEF2AD00921818 /* ViewController.swift */,
			);
			name = "Main UI";
			sourceTree = "<group>";
		};
		A981326825BEF2EE00921818 /* Supporting Files */ = {
			isa = PBXGroup;
			children = (
				A981325A25BEF2AE00921818 /* Assets.xcassets */,
				A981325C25BEF2AE00921818 /* Main.storyboard */,
				A981325F25BEF2AE00921818 /* Info.plist */,
				A981326025BEF2AE00921818 /* MarkdownViewer.entitlements */,
			);
			name = "Supporting Files";
			sourceTree = "<group>";
		};
		A981326C25BEF9A700921818 /* Frameworks */ = {
			isa = PBXGroup;
			children = (
				A981326D25BEF9A800921818 /* libcmark.0.29.0.dylib */,
			);
			name = Frameworks;
			sourceTree = "<group>";
		};
		A9841F5F25C04D5300EF147A /* Fonts */ = {
			isa = PBXGroup;
			children = (
				A9841F6025C04D6200EF147A /* SF-Mono-Regular.otf */,
			);
			name = Fonts;
			sourceTree = "<group>";
		};
		A9841F6325C04D7E00EF147A /* Extensions */ = {
			isa = PBXGroup;
			children = (
				A9841F6425C04D8700EF147A /* NSFont.swift */,
			);
			name = Extensions;
			sourceTree = "<group>";
		};
/* End PBXGroup section */

/* Begin PBXNativeTarget section */
		A981325225BEF2AD00921818 /* MarkdownViewer */ = {
			isa = PBXNativeTarget;
			buildConfigurationList = A981326325BEF2AE00921818 /* Build configuration list for PBXNativeTarget "MarkdownViewer" */;
			buildPhases = (
				A981324F25BEF2AD00921818 /* Sources */,
				A981325025BEF2AD00921818 /* Frameworks */,
				A981325125BEF2AD00921818 /* Resources */,
			);
			buildRules = (
			);
			dependencies = (
			);
			name = MarkdownViewer;
			packageProductDependencies = (
				A9B0E7A625C0419E006BA583 /* CommonMark */,
			);
			productName = MarkdownViewer;
			productReference = A981325325BEF2AD00921818 /* MarkdownViewer.app */;
			productType = "com.apple.product-type.application";
		};
/* End PBXNativeTarget section */

/* Begin PBXProject section */
		A981324B25BEF2AD00921818 /* Project object */ = {
			isa = PBXProject;
			attributes = {
				LastSwiftUpdateCheck = 1170;
				LastUpgradeCheck = 1170;
				ORGANIZATIONNAME = "Nguyen Tan Cuong";
				TargetAttributes = {
					A981325225BEF2AD00921818 = {
						CreatedOnToolsVersion = 11.7;
					};
				};
			};
			buildConfigurationList = A981324E25BEF2AD00921818 /* Build configuration list for PBXProject "MarkdownViewer" */;
			compatibilityVersion = "Xcode 9.3";
			developmentRegion = en;
			hasScannedForEncodings = 0;
			knownRegions = (
				en,
				Base,
			);
			mainGroup = A981324A25BEF2AD00921818;
			packageReferences = (
				A9B0E7A525C0419E006BA583 /* XCRemoteSwiftPackageReference "cmark" */,
			);
			productRefGroup = A981325425BEF2AD00921818 /* Products */;
			projectDirPath = "";
			projectRoot = "";
			targets = (
				A981325225BEF2AD00921818 /* MarkdownViewer */,
			);
		};
/* End PBXProject section */

/* Begin PBXResourcesBuildPhase section */
		A981325125BEF2AD00921818 /* Resources */ = {
			isa = PBXResourcesBuildPhase;
			buildActionMask = 2147483647;
			files = (
				A9841F6625C04E9800EF147A /* SF-Mono-Regular.otf in Resources */,
				A981325B25BEF2AE00921818 /* Assets.xcassets in Resources */,
				A981325E25BEF2AE00921818 /* Main.storyboard in Resources */,
				A981326E25BEF9A800921818 /* libcmark.0.29.0.dylib in Resources */,
			);
			runOnlyForDeploymentPostprocessing = 0;
		};
/* End PBXResourcesBuildPhase section */

/* Begin PBXSourcesBuildPhase section */
		A981324F25BEF2AD00921818 /* Sources */ = {
			isa = PBXSourcesBuildPhase;
			buildActionMask = 2147483647;
			files = (
				A981325925BEF2AD00921818 /* ViewController.swift in Sources */,
				A981325725BEF2AD00921818 /* AppDelegate.swift in Sources */,
				A9841F6525C04D8700EF147A /* NSFont.swift in Sources */,
			);
			runOnlyForDeploymentPostprocessing = 0;
		};
/* End PBXSourcesBuildPhase section */

/* Begin PBXVariantGroup section */
		A981325C25BEF2AE00921818 /* Main.storyboard */ = {
			isa = PBXVariantGroup;
			children = (
				A981325D25BEF2AE00921818 /* Base */,
			);
			name = Main.storyboard;
			sourceTree = "<group>";
		};
/* End PBXVariantGroup section */

/* Begin XCBuildConfiguration section */
		A981326125BEF2AE00921818 /* Debug */ = {
			isa = XCBuildConfiguration;
			buildSettings = {
				ALWAYS_SEARCH_USER_PATHS = NO;
				CLANG_ANALYZER_NONNULL = YES;
				CLANG_ANALYZER_NUMBER_OBJECT_CONVERSION = YES_AGGRESSIVE;
				CLANG_CXX_LANGUAGE_STANDARD = "gnu++14";
				CLANG_CXX_LIBRARY = "libc++";
				CLANG_ENABLE_MODULES = YES;
				CLANG_ENABLE_OBJC_ARC = YES;
				CLANG_ENABLE_OBJC_WEAK = YES;
				CLANG_WARN_BLOCK_CAPTURE_AUTORELEASING = YES;
				CLANG_WARN_BOOL_CONVERSION = YES;
				CLANG_WARN_COMMA = YES;
				CLANG_WARN_CONSTANT_CONVERSION = YES;
				CLANG_WARN_DEPRECATED_OBJC_IMPLEMENTATIONS = YES;
				CLANG_WARN_DIRECT_OBJC_ISA_USAGE = YES_ERROR;
				CLANG_WARN_DOCUMENTATION_COMMENTS = YES;
				CLANG_WARN_EMPTY_BODY = YES;
				CLANG_WARN_ENUM_CONVERSION = YES;
				CLANG_WARN_INFINITE_RECURSION = YES;
				CLANG_WARN_INT_CONVERSION = YES;
				CLANG_WARN_NON_LITERAL_NULL_CONVERSION = YES;
				CLANG_WARN_OBJC_IMPLICIT_RETAIN_SELF = YES;
				CLANG_WARN_OBJC_LITERAL_CONVERSION = YES;
				CLANG_WARN_OBJC_ROOT_CLASS = YES_ERROR;
				CLANG_WARN_RANGE_LOOP_ANALYSIS = YES;
				CLANG_WARN_STRICT_PROTOTYPES = YES;
				CLANG_WARN_SUSPICIOUS_MOVE = YES;
				CLANG_WARN_UNGUARDED_AVAILABILITY = YES_AGGRESSIVE;
				CLANG_WARN_UNREACHABLE_CODE = YES;
				CLANG_WARN__DUPLICATE_METHOD_MATCH = YES;
				COPY_PHASE_STRIP = NO;
				DEBUG_INFORMATION_FORMAT = dwarf;
				ENABLE_STRICT_OBJC_MSGSEND = YES;
				ENABLE_TESTABILITY = YES;
				GCC_C_LANGUAGE_STANDARD = gnu11;
				GCC_DYNAMIC_NO_PIC = NO;
				GCC_NO_COMMON_BLOCKS = YES;
				GCC_OPTIMIZATION_LEVEL = 0;
				GCC_PREPROCESSOR_DEFINITIONS = (
					"DEBUG=1",
					"$(inherited)",
				);
				GCC_WARN_64_TO_32_BIT_CONVERSION = YES;
				GCC_WARN_ABOUT_RETURN_TYPE = YES_ERROR;
				GCC_WARN_UNDECLARED_SELECTOR = YES;
				GCC_WARN_UNINITIALIZED_AUTOS = YES_AGGRESSIVE;
				GCC_WARN_UNUSED_FUNCTION = YES;
				GCC_WARN_UNUSED_VARIABLE = YES;
				MACOSX_DEPLOYMENT_TARGET = 10.16;
				MTL_ENABLE_DEBUG_INFO = INCLUDE_SOURCE;
				MTL_FAST_MATH = YES;
				ONLY_ACTIVE_ARCH = YES;
				SDKROOT = macosx;
				SWIFT_ACTIVE_COMPILATION_CONDITIONS = DEBUG;
				SWIFT_OPTIMIZATION_LEVEL = "-Onone";
			};
			name = Debug;
		};
		A981326225BEF2AE00921818 /* Release */ = {
			isa = XCBuildConfiguration;
			buildSettings = {
				ALWAYS_SEARCH_USER_PATHS = NO;
				CLANG_ANALYZER_NONNULL = YES;
				CLANG_ANALYZER_NUMBER_OBJECT_CONVERSION = YES_AGGRESSIVE;
				CLANG_CXX_LANGUAGE_STANDARD = "gnu++14";
				CLANG_CXX_LIBRARY = "libc++";
				CLANG_ENABLE_MODULES = YES;
				CLANG_ENABLE_OBJC_ARC = YES;
				CLANG_ENABLE_OBJC_WEAK = YES;
				CLANG_WARN_BLOCK_CAPTURE_AUTORELEASING = YES;
				CLANG_WARN_BOOL_CONVERSION = YES;
				CLANG_WARN_COMMA = YES;
				CLANG_WARN_CONSTANT_CONVERSION = YES;
				CLANG_WARN_DEPRECATED_OBJC_IMPLEMENTATIONS = YES;
				CLANG_WARN_DIRECT_OBJC_ISA_USAGE = YES_ERROR;
				CLANG_WARN_DOCUMENTATION_COMMENTS = YES;
				CLANG_WARN_EMPTY_BODY = YES;
				CLANG_WARN_ENUM_CONVERSION = YES;
				CLANG_WARN_INFINITE_RECURSION = YES;
				CLANG_WARN_INT_CONVERSION = YES;
				CLANG_WARN_NON_LITERAL_NULL_CONVERSION = YES;
				CLANG_WARN_OBJC_IMPLICIT_RETAIN_SELF = YES;
				CLANG_WARN_OBJC_LITERAL_CONVERSION = YES;
				CLANG_WARN_OBJC_ROOT_CLASS = YES_ERROR;
				CLANG_WARN_RANGE_LOOP_ANALYSIS = YES;
				CLANG_WARN_STRICT_PROTOTYPES = YES;
				CLANG_WARN_SUSPICIOUS_MOVE = YES;
				CLANG_WARN_UNGUARDED_AVAILABILITY = YES_AGGRESSIVE;
				CLANG_WARN_UNREACHABLE_CODE = YES;
				CLANG_WARN__DUPLICATE_METHOD_MATCH = YES;
				COPY_PHASE_STRIP = NO;
				DEBUG_INFORMATION_FORMAT = "dwarf-with-dsym";
				ENABLE_NS_ASSERTIONS = NO;
				ENABLE_STRICT_OBJC_MSGSEND = YES;
				GCC_C_LANGUAGE_STANDARD = gnu11;
				GCC_NO_COMMON_BLOCKS = YES;
				GCC_WARN_64_TO_32_BIT_CONVERSION = YES;
				GCC_WARN_ABOUT_RETURN_TYPE = YES_ERROR;
				GCC_WARN_UNDECLARED_SELECTOR = YES;
				GCC_WARN_UNINITIALIZED_AUTOS = YES_AGGRESSIVE;
				GCC_WARN_UNUSED_FUNCTION = YES;
				GCC_WARN_UNUSED_VARIABLE = YES;
				MACOSX_DEPLOYMENT_TARGET = 10.16;
				MTL_ENABLE_DEBUG_INFO = NO;
				MTL_FAST_MATH = YES;
				SDKROOT = macosx;
				SWIFT_COMPILATION_MODE = wholemodule;
				SWIFT_OPTIMIZATION_LEVEL = "-O";
			};
			name = Release;
		};
		A981326425BEF2AE00921818 /* Debug */ = {
			isa = XCBuildConfiguration;
			buildSettings = {
				ASSETCATALOG_COMPILER_APPICON_NAME = AppIcon;
				CODE_SIGN_ENTITLEMENTS = MarkdownViewer/MarkdownViewer.entitlements;
				CODE_SIGN_STYLE = Automatic;
				COMBINE_HIDPI_IMAGES = YES;
				COPY_HEADERS_UNIFDEF_FLAGS = /usr/local/include/cmark.h;
				DEVELOPMENT_TEAM = ZP24FBUW2V;
				ENABLE_HARDENED_RUNTIME = YES;
				INFOPLIST_FILE = MarkdownViewer/Info.plist;
				LD_RUNPATH_SEARCH_PATHS = (
					"$(inherited)",
					"@executable_path/../Frameworks",
				);
				LIBRARY_SEARCH_PATHS = (
					"$(inherited)",
					/usr/local/Cellar/cmark/0.29.0_2/lib,
				);
				MACOSX_DEPLOYMENT_TARGET = 10.14;
				MODULEMAP_FILE = /Users/cuong.tan/Desktop/SwiftTalk/MarkdownViewer/MarkdownViewer/Ccmark/module.modulemap;
				PRODUCT_BUNDLE_IDENTIFIER = com.tancuong.MarkdownViewer;
				PRODUCT_NAME = "$(TARGET_NAME)";
				SWIFT_INCLUDE_PATHS = "";
				SWIFT_VERSION = 5.0;
			};
			name = Debug;
		};
		A981326525BEF2AE00921818 /* Release */ = {
			isa = XCBuildConfiguration;
			buildSettings = {
				ASSETCATALOG_COMPILER_APPICON_NAME = AppIcon;
				CODE_SIGN_ENTITLEMENTS = MarkdownViewer/MarkdownViewer.entitlements;
				CODE_SIGN_STYLE = Automatic;
				COMBINE_HIDPI_IMAGES = YES;
				COPY_HEADERS_UNIFDEF_FLAGS = /usr/local/include/cmark.h;
				DEVELOPMENT_TEAM = ZP24FBUW2V;
				ENABLE_HARDENED_RUNTIME = YES;
				INFOPLIST_FILE = MarkdownViewer/Info.plist;
				LD_RUNPATH_SEARCH_PATHS = (
					"$(inherited)",
					"@executable_path/../Frameworks",
				);
				LIBRARY_SEARCH_PATHS = (
					"$(inherited)",
					/usr/local/Cellar/cmark/0.29.0_2/lib,
				);
				MACOSX_DEPLOYMENT_TARGET = 10.14;
				MODULEMAP_FILE = /Users/cuong.tan/Desktop/SwiftTalk/MarkdownViewer/MarkdownViewer/Ccmark/module.modulemap;
				PRODUCT_BUNDLE_IDENTIFIER = com.tancuong.MarkdownViewer;
				PRODUCT_NAME = "$(TARGET_NAME)";
				SWIFT_INCLUDE_PATHS = "";
				SWIFT_VERSION = 5.0;
			};
			name = Release;
		};
/* End XCBuildConfiguration section */

/* Begin XCConfigurationList section */
		A981324E25BEF2AD00921818 /* Build configuration list for PBXProject "MarkdownViewer" */ = {
			isa = XCConfigurationList;
			buildConfigurations = (
				A981326125BEF2AE00921818 /* Debug */,
				A981326225BEF2AE00921818 /* Release */,
			);
			defaultConfigurationIsVisible = 0;
			defaultConfigurationName = Release;
		};
		A981326325BEF2AE00921818 /* Build configuration list for PBXNativeTarget "MarkdownViewer" */ = {
			isa = XCConfigurationList;
			buildConfigurations = (
				A981326425BEF2AE00921818 /* Debug */,
				A981326525BEF2AE00921818 /* Release */,
			);
			defaultConfigurationIsVisible = 0;
			defaultConfigurationName = Release;
		};
/* End XCConfigurationList section */

/* Begin XCRemoteSwiftPackageReference section */
		A9B0E7A525C0419E006BA583 /* XCRemoteSwiftPackageReference "cmark" */ = {
			isa = XCRemoteSwiftPackageReference;
			repositoryURL = "https://github.com/cuongb1400682/cmark.git";
			requirement = {
				kind = upToNextMajorVersion;
				minimumVersion = 1.0.0;
			};
		};
/* End XCRemoteSwiftPackageReference section */

/* Begin XCSwiftPackageProductDependency section */
		A9B0E7A625C0419E006BA583 /* CommonMark */ = {
			isa = XCSwiftPackageProductDependency;
			package = A9B0E7A525C0419E006BA583 /* XCRemoteSwiftPackageReference "cmark" */;
			productName = CommonMark;
		};
/* End XCSwiftPackageProductDependency section */
	};
	rootObject = A981324B25BEF2AD00921818 /* Project object */;
}
